
Microsoft Visual Studio Solution File, Format Version 12.00
# Visual Studio Version 16
VisualStudioVersion = 16.0.30204.135
MinimumVisualStudioVersion = 10.0.40219.1
Project("{FAE04EC0-301F-11D3-BF4B-00C04F79EFBC}") = "michaelD", "michaelD\michaelD.csproj", "{D1F30313-1567-4C2D-B205-8D2C11CDF043}"
EndProject
Project("{9A19103F-16F7-4668-BE54-9A1E7A4F7556}") = "CalculAgeDLL", "CalculAgeDLL\CalculAgeDLL.csproj", "{C7928DA8-8B73-46E5-B317-65843AB3A7D5}"
EndProject
Project("{FAE04EC0-301F-11D3-BF4B-00C04F79EFBC}") = "UnitTestCalculAge", "UnitTestCalculAge\UnitTestCalculAge.csproj", "{85977C24-6438-492E-B177-2166B6B7C30C}"
EndProject
Global
	GlobalSection(SolutionConfigurationPlatforms) = preSolution
		Debug|Any CPU = Debug|Any CPU
		Release|Any CPU = Release|Any CPU
	EndGlobalSection
	GlobalSection(ProjectConfigurationPlatforms) = postSolution
		{D1F30313-1567-4C2D-B205-8D2C11CDF043}.Debug|Any CPU.ActiveCfg = Debug|Any CPU
		{D1F30313-1567-4C2D-B205-8D2C11CDF043}.Debug|Any CPU.Build.0 = Debug|Any CPU
		{D1F30313-1567-4C2D-B205-8D2C11CDF043}.Release|Any CPU.ActiveCfg = Release|Any CPU
		{D1F30313-1567-4C2D-B205-8D2C11CDF043}.Release|Any CPU.Build.0 = Release|Any CPU
		{C7928DA8-8B73-46E5-B317-65843AB3A7D5}.Debug|Any CPU.ActiveCfg = Debug|Any CPU
		{C7928DA8-8B73-46E5-B317-65843AB3A7D5}.Debug|Any CPU.Build.0 = Debug|Any CPU
		{C7928DA8-8B73-46E5-B317-65843AB3A7D5}.Release|Any CPU.ActiveCfg = Release|Any CPU
		{C7928DA8-8B73-46E5-B317-65843AB3A7D5}.Release|Any CPU.Build.0 = Release|Any CPU
		{85977C24-6438-492E-B177-2166B6B7C30C}.Debug|Any CPU.ActiveCfg = Debug|Any CPU
		{85977C24-6438-492E-B177-2166B6B7C30C}.Debug|Any CPU.Build.0 = Debug|Any CPU
		{85977C24-6438-492E-B177-2166B6B7C30C}.Release|Any CPU.ActiveCfg = Release|Any CPU
		{85977C24-6438-492E-B177-2166B6B7C30C}.Release|Any CPU.Build.0 = Release|Any CPU
	EndGlobalSection
	GlobalSection(SolutionProperties) = preSolution
		HideSolutionNode = FALSE
	EndGlobalSection
	GlobalSection(ExtensibilityGlobals) = postSolution
		SolutionGuid = {BBDCCE44-C72D-4F67-AE7D-E83C164D4229}
	EndGlobalSection
EndGlobal
